<Project xmlns="http://schemas.microsoft.com/developer/msbuild/2003">
    <PropertyGroup>
        <ProjectGuid>{BFA00ADE-F1B8-4667-85BB-FF554FBB41FD}</ProjectGuid>
        <ProjectVersion>18.4</ProjectVersion>
        <FrameworkType>VCL</FrameworkType>
        <MainSource>InfoServ.dpr</MainSource>
        <Base>True</Base>
        <Config Condition="'$(Config)'==''">Release</Config>
        <Platform Condition="'$(Platform)'==''">Win32</Platform>
        <TargetedPlatforms>1</TargetedPlatforms>
        <AppType>Application</AppType>
    </PropertyGroup>
    <PropertyGroup Condition="'$(Config)'=='Base' or '$(Base)'!=''">
        <Base>true</Base>
    </PropertyGroup>
    <PropertyGroup Condition="('$(Platform)'=='Win32' and '$(Base)'=='true') or '$(Base_Win32)'!=''">
        <Base_Win32>true</Base_Win32>
        <CfgParent>Base</CfgParent>
        <Base>true</Base>
    </PropertyGroup>
    <PropertyGroup Condition="('$(Platform)'=='Win64' and '$(Base)'=='true') or '$(Base_Win64)'!=''">
        <Base_Win64>true</Base_Win64>
        <CfgParent>Base</CfgParent>
        <Base>true</Base>
    </PropertyGroup>
    <PropertyGroup Condition="'$(Config)'=='Debug' or '$(Cfg_1)'!=''">
        <Cfg_1>true</Cfg_1>
        <CfgParent>Base</CfgParent>
        <Base>true</Base>
    </PropertyGroup>
    <PropertyGroup Condition="('$(Platform)'=='Win32' and '$(Cfg_1)'=='true') or '$(Cfg_1_Win32)'!=''">
        <Cfg_1_Win32>true</Cfg_1_Win32>
        <CfgParent>Cfg_1</CfgParent>
        <Cfg_1>true</Cfg_1>
        <Base>true</Base>
    </PropertyGroup>
    <PropertyGroup Condition="'$(Config)'=='Release' or '$(Cfg_2)'!=''">
        <Cfg_2>true</Cfg_2>
        <CfgParent>Base</CfgParent>
        <Base>true</Base>
    </PropertyGroup>
    <PropertyGroup Condition="('$(Platform)'=='Win32' and '$(Cfg_2)'=='true') or '$(Cfg_2_Win32)'!=''">
        <Cfg_2_Win32>true</Cfg_2_Win32>
        <CfgParent>Cfg_2</CfgParent>
        <Cfg_2>true</Cfg_2>
        <Base>true</Base>
    </PropertyGroup>
    <PropertyGroup Condition="'$(Base)'!=''">
        <DCC_Namespace>System;Xml;Data;Datasnap;Web;Soap;Vcl;Vcl.Imaging;Vcl.Touch;Vcl.Samples;Vcl.Shell;System.AnsiStrings;System.SysUtils;$(DCC_Namespace)</DCC_Namespace>
        <Icns_MainIcns>$(BDS)\bin\delphi_PROJECTICNS.icns</Icns_MainIcns>
        <DCC_DcuOutput>.\$(Platform)\$(Config)\dcu</DCC_DcuOutput>
        <DCC_ExeOutput>.\$(Platform)\$(Config)</DCC_ExeOutput>
        <DCC_E>false</DCC_E>
        <DCC_N>false</DCC_N>
        <DCC_S>false</DCC_S>
        <DCC_F>false</DCC_F>
        <DCC_K>false</DCC_K>
        <SanitizedProjectName>InfoServ</SanitizedProjectName>
    </PropertyGroup>
    <PropertyGroup Condition="'$(Base_Win32)'!=''">
        <DCC_UsePackage>rbRCL1618;JvGlobus;rbDB1618;dxBarRS18;JvMM;dxPSCoreRS18;JvManagedThreads;adxolBuildD18;dxPScxPCProdRS18;gtPDFkitDXE4ProP;frxDB18;dxDockingRS18;dxThemeRS18;JvCrypt;rbCIDE1618;DBXInterBaseDriver;DataSnapServer;DataSnapCommon;unidacvcl180;JvNet;JvDotNetCtrls;DbxCommonDriver;vclimg;dbxcds;DatasnapConnectorsFreePascal;JvXPCtrls;vcldb;cxExportRS18;rbDBE1618;rRwWebBrowserVCL180;CustomIPTransport;dsnap;IndyIPServer;IndyCore;CloudService;rRwEasyMAPIFMX180;FmxTeeUI;dxADOServerModeRS18;rbDIDE1618;JvDB;JvRuntimeDesign;rRwEasyMAPIVCL180;dxPScxExtCommonRS18;cxEditorsRS18;cxSchedulerRS18;lmdrtrtlx;rRwEasyMAPI180;cxPageControldxBarPopupMenuRS18;JclDeveloperTools;unidac180;rbDAD1618;dxRibbonRS18;rbODAC;bindcompfmx;vcldbx;cxBarEditItemRS18;cxPageControlRS18;dbrtl;dclRBE1618;bindcomp;inetdb;JvPluginSystem;rbRAP1618;DBXOdbcDriver;JvCmp;adxBuildD18;rbUNIDAC;JvTimeFramework;xmlrtl;ibxpress;dxBarExtItemsRS18;frxe18;dclRBADO1618;vclactnband;bindengine;soaprtl;FMXTee;dclRBIBE1618;bindcompvcl;dxPsPrVwAdvRS18;Jcl;vclie;dxmdsRS18;EmbeddedWebBrowser_XE4;dxBarDBNavRS18;crcontrols180;dxComnRS18;ExcelExportPackXE4;dxBarExtDBItemsRS18;DBXInformixDriver;rbIBE1618;Intraweb;dxPScxSchedulerLnkRS18;dxNavBarRS18;dsnapcon;DBXFirebirdDriver;rbADO1618;inet;dxPSTeeChartRS18;dxPScxCommonRS18;JvPascalInterpreter;vclx;DBXSybaseASADriver;vcl.gtxDBControlsDXE4;dbexpress;EurekaLogCore;JvBDE;IndyIPClient;dxGDIPlusRS18;rRwCommon180;dxLayoutControlRS18;DBXSqliteDriver;unidacfmx180;fmx;JvDlgs;rbTC1618;IndySystem;TeeDB;frx18;odacvcl180;rbDBDE1618;inetdbbde;vclib;DataSnapClient;cxSchedulerGridRS18;DataSnapProviderClient;DBXSybaseASEDriver;rbUSER1618;dRwWebBrowserVCL180;dxTabbedMDIRS18;MetropolisUILiveTile;rbBDE1618;rRwControlsVCL180;dxPSLnksRS18;vcldsnap;dacvcl180;dclRBDBE1618;DBXDb2Driver;DBXOracleDriver;dxServerModeRS18;JvCore;vclribbon;fmxase;vcl;rbUSERDesign1618;DBXMSSQLDriver;CodeSiteExpressPkg;IndyIPCommon;JvAppFrm;inetdbxpress;webdsnap;dxPScxGridLnkRS18;cxLibraryRS18;rRwWebBrowserFMX180;odac180;adortl;JvDocking;JvWizards;glComponent;lmdrtcore;JvHMI;dclRBBDE1618;JvBands;rtl;DbxClientDriver;oraprov180;Tee;JclContainers;rbTCUI1618;DelphiXE4_RestApi;dclExcelExportPackXE4;JvSystem;svnui;addict4_d18;dacfmx180;JvControls;Colateral;vcl.gtxControlsDXE4;dxDBXServerModeRS18;DBXMySQLDriver;IndyProtocols;bindcompdbx;TeeUI;JvJans;JvPrintPreview;JvPageComps;DDHTML_Editor_XE2;JvStdCtrls;JvCustom;rbRIDE1618;rRwControlsFMX180;vcltouch;dxPSPrVwRibbonRS18;VclSmp;cxGridRS18;addict4db_d18;DataSnapConnectors;dxPSDBTeeChartRS18;lmdrtplugin;dxCoreRS18;fmxobj;JclVcl;dac180;svn;odacfmx180;dxPSdxLCLnkRS18;fmxdae;cxDataRS18;rbIDE1618;bdertl;VirtualTreesR;dRwWebBrowserFMX180;lmdrtl;DataSnapIndy10ServerTransport;$(DCC_UsePackage)</DCC_UsePackage>
        <VerInfo_Locale>1033</VerInfo_Locale>
        <DCC_Namespace>Winapi;System.Win;Data.Win;Datasnap.Win;Web.Win;Soap.Win;Xml.Win;Bde;$(DCC_Namespace)</DCC_Namespace>
        <VerInfo_IncludeVerInfo>true</VerInfo_IncludeVerInfo>
        <Manifest_File>$(BDS)\bin\default_app.manifest</Manifest_File>
        <VerInfo_Keys>CompanyName=;FileVersion=1.1.5.0;InternalName=;LegalCopyright=;LegalTrademarks=;OriginalFilename=;ProductVersion=1.0.0.0;Comments=;ProgramID=com.embarcadero.$(MSBuildProjectName);FileDescription=$(MSBuildProjectName);ProductName=$(MSBuildProjectName)</VerInfo_Keys>
        <AppEnableRuntimeThemes>true</AppEnableRuntimeThemes>
        <UWP_DelphiLogo44>$(BDS)\bin\Artwork\Windows\UWP\delphi_UwpDefault_44.png</UWP_DelphiLogo44>
        <UWP_DelphiLogo150>$(BDS)\bin\Artwork\Windows\UWP\delphi_UwpDefault_150.png</UWP_DelphiLogo150>
        <VerInfo_MinorVer>1</VerInfo_MinorVer>
        <VerInfo_Release>5</VerInfo_Release>
    </PropertyGroup>
    <PropertyGroup Condition="'$(Base_Win64)'!=''">
        <DCC_UsePackage>dxBarRS18;dxPSCoreRS18;adxolBuildD18;dxPScxPCProdRS18;dxDockingRS18;dxThemeRS18;DBXInterBaseDriver;DataSnapServer;DataSnapCommon;DbxCommonDriver;vclimg;dbxcds;DatasnapConnectorsFreePascal;vcldb;cxExportRS18;CustomIPTransport;dsnap;IndyIPServer;IndyCore;CloudService;FmxTeeUI;dxADOServerModeRS18;dxPScxExtCommonRS18;cxEditorsRS18;cxSchedulerRS18;lmdrtrtlx;cxPageControldxBarPopupMenuRS18;dxRibbonRS18;bindcompfmx;cxBarEditItemRS18;cxPageControlRS18;dbrtl;bindcomp;inetdb;DBXOdbcDriver;adxBuildD18;xmlrtl;ibxpress;dxBarExtItemsRS18;vclactnband;bindengine;soaprtl;FMXTee;bindcompvcl;dxPsPrVwAdvRS18;vclie;dxmdsRS18;dxBarDBNavRS18;dxComnRS18;ExcelExportPackXE4;dxBarExtDBItemsRS18;DBXInformixDriver;Intraweb;dxPScxSchedulerLnkRS18;dxNavBarRS18;dsnapcon;DBXFirebirdDriver;inet;dxPSTeeChartRS18;dxPScxCommonRS18;vclx;DBXSybaseASADriver;dbexpress;IndyIPClient;dxGDIPlusRS18;dxLayoutControlRS18;DBXSqliteDriver;fmx;IndySystem;TeeDB;vclib;DataSnapClient;cxSchedulerGridRS18;DataSnapProviderClient;DBXSybaseASEDriver;dxTabbedMDIRS18;MetropolisUILiveTile;dxPSLnksRS18;vcldsnap;DBXDb2Driver;DBXOracleDriver;dxServerModeRS18;vclribbon;fmxase;vcl;DBXMSSQLDriver;IndyIPCommon;inetdbxpress;webdsnap;dxPScxGridLnkRS18;cxLibraryRS18;adortl;glComponent;lmdrtcore;rtl;DbxClientDriver;Tee;DelphiXE4_RestApi;Colateral;dxDBXServerModeRS18;DBXMySQLDriver;IndyProtocols;bindcompdbx;TeeUI;vcltouch;dxPSPrVwRibbonRS18;VclSmp;cxGridRS18;DataSnapConnectors;dxPSDBTeeChartRS18;lmdrtplugin;dxCoreRS18;fmxobj;dxPSdxLCLnkRS18;fmxdae;cxDataRS18;VirtualTreesR;lmdrtl;DataSnapIndy10ServerTransport;$(DCC_UsePackage)</DCC_UsePackage>
        <UWP_DelphiLogo44>$(BDS)\bin\Artwork\Windows\UWP\delphi_UwpDefault_44.png</UWP_DelphiLogo44>
        <UWP_DelphiLogo150>$(BDS)\bin\Artwork\Windows\UWP\delphi_UwpDefault_150.png</UWP_DelphiLogo150>
    </PropertyGroup>
    <PropertyGroup Condition="'$(Cfg_1)'!=''">
        <DCC_Define>DEBUG;$(DCC_Define)</DCC_Define>
        <DCC_DebugDCUs>true</DCC_DebugDCUs>
        <DCC_Optimize>false</DCC_Optimize>
        <DCC_GenerateStackFrames>true</DCC_GenerateStackFrames>
        <DCC_DebugInfoInExe>true</DCC_DebugInfoInExe>
        <DCC_RemoteDebug>true</DCC_RemoteDebug>
    </PropertyGroup>
    <PropertyGroup Condition="'$(Cfg_1_Win32)'!=''">
        <DCC_MapFile>3</DCC_MapFile>
        <Manifest_File>None</Manifest_File>
        <VerInfo_Build>36</VerInfo_Build>
        <VerInfo_Keys>CompanyName=;FileVersion=1.1.5.36;InternalName=;LegalCopyright=;LegalTrademarks=;OriginalFilename=;ProductVersion=1.0.0.0;Comments=;ProgramID=com.embarcadero.$(MSBuildProjectName);FileDescription=$(MSBuildProjectName);ProductName=$(MSBuildProjectName)</VerInfo_Keys>
        <VerInfo_IncludeVerInfo>true</VerInfo_IncludeVerInfo>
        <VerInfo_Locale>1033</VerInfo_Locale>
        <VerInfo_MinorVer>1</VerInfo_MinorVer>
        <VerInfo_Release>5</VerInfo_Release>
        <AppEnableRuntimeThemes>true</AppEnableRuntimeThemes>
    </PropertyGroup>
    <PropertyGroup Condition="'$(Cfg_2)'!=''">
        <DCC_LocalDebugSymbols>false</DCC_LocalDebugSymbols>
        <DCC_Define>RELEASE;$(DCC_Define)</DCC_Define>
        <DCC_SymbolReferenceInfo>0</DCC_SymbolReferenceInfo>
        <DCC_DebugInformation>0</DCC_DebugInformation>
    </PropertyGroup>
    <PropertyGroup Condition="'$(Cfg_2_Win32)'!=''">
        <VerInfo_Release>5</VerInfo_Release>
        <VerInfo_Keys>CompanyName=Bramcote Holdings Pty Ltd;FileDescription=Insight Infotrack watcher;FileVersion=1.1.5.90;InternalName=InsightiTrack;LegalCopyright=© Bramcote Holdings Pty Ltd 2017-2020 All Rights Reserved;LegalTrademarks=;OriginalFilename=InsightiTrack;ProductName=Insight;ProductVersion=1.0.0.0;Comments=;ProgramID=com.embarcadero.$(MSBuildProjectName)</VerInfo_Keys>
        <VerInfo_Build>90</VerInfo_Build>
        <VerInfo_IncludeVerInfo>true</VerInfo_IncludeVerInfo>
        <VerInfo_Locale>1033</VerInfo_Locale>
        <DCC_GenerateStackFrames>true</DCC_GenerateStackFrames>
        <DCC_MapFile>3</DCC_MapFile>
        <DCC_DebugInformation>true</DCC_DebugInformation>
        <BT_BuildType>Debug</BT_BuildType>
        <AppEnableRuntimeThemes>true</AppEnableRuntimeThemes>
        <VerInfo_MinorVer>1</VerInfo_MinorVer>
    </PropertyGroup>
    <ItemGroup>
        <DelphiCompile Include="$(MainSource)">
            <MainSource>MainSource</MainSource>
        </DelphiCompile>
        <DCCReference Include="Main.pas">
            <Form>InsightiTrackWatcher</Form>
            <DesignClass>TService</DesignClass>
        </DCCReference>
        <DCCReference Include="AccountCreate.pas">
            <Form>dmAccountCreate</Form>
            <DesignClass>TDataModule</DesignClass>
        </DCCReference>
        <BuildConfiguration Include="Release">
            <Key>Cfg_2</Key>
            <CfgParent>Base</CfgParent>
        </BuildConfiguration>
        <BuildConfiguration Include="Base">
            <Key>Base</Key>
        </BuildConfiguration>
        <BuildConfiguration Include="Debug">
            <Key>Cfg_1</Key>
            <CfgParent>Base</CfgParent>
        </BuildConfiguration>
    </ItemGroup>
    <ProjectExtensions>
        <Borland.Personality>Delphi.Personality.12</Borland.Personality>
        <Borland.ProjectType/>
        <BorlandProject>
            <Delphi.Personality>
                <VersionInfo>
                    <VersionInfo Name="IncludeVerInfo">False</VersionInfo>
                    <VersionInfo Name="AutoIncBuild">False</VersionInfo>
                    <VersionInfo Name="MajorVer">1</VersionInfo>
                    <VersionInfo Name="MinorVer">0</VersionInfo>
                    <VersionInfo Name="Release">0</VersionInfo>
                    <VersionInfo Name="Build">0</VersionInfo>
                    <VersionInfo Name="Debug">False</VersionInfo>
                    <VersionInfo Name="PreRelease">False</VersionInfo>
                    <VersionInfo Name="Special">False</VersionInfo>
                    <VersionInfo Name="Private">False</VersionInfo>
                    <VersionInfo Name="DLL">False</VersionInfo>
                    <VersionInfo Name="Locale">3081</VersionInfo>
                    <VersionInfo Name="CodePage">1252</VersionInfo>
                </VersionInfo>
                <VersionInfoKeys>
                    <VersionInfoKeys Name="CompanyName"/>
                    <VersionInfoKeys Name="FileDescription"/>
                    <VersionInfoKeys Name="FileVersion">1.0.0.0</VersionInfoKeys>
                    <VersionInfoKeys Name="InternalName"/>
                    <VersionInfoKeys Name="LegalCopyright"/>
                    <VersionInfoKeys Name="LegalTrademarks"/>
                    <VersionInfoKeys Name="OriginalFilename"/>
                    <VersionInfoKeys Name="ProductName"/>
                    <VersionInfoKeys Name="ProductVersion">1.0.0.0</VersionInfoKeys>
                    <VersionInfoKeys Name="Comments"/>
                    <VersionInfoKeys Name="CFBundleName"/>
                    <VersionInfoKeys Name="CFBundleDisplayName"/>
                    <VersionInfoKeys Name="UIDeviceFamily"/>
                    <VersionInfoKeys Name="CFBundleIdentifier"/>
                    <VersionInfoKeys Name="CFBundleVersion"/>
                    <VersionInfoKeys Name="CFBundlePackageType"/>
                    <VersionInfoKeys Name="CFBundleSignature"/>
                    <VersionInfoKeys Name="CFBundleAllowMixedLocalizations"/>
                    <VersionInfoKeys Name="UISupportedInterfaceOrientations"/>
                    <VersionInfoKeys Name="CFBundleExecutable"/>
                    <VersionInfoKeys Name="CFBundleResourceSpecification"/>
                    <VersionInfoKeys Name="LSRequiresIPhoneOS"/>
                    <VersionInfoKeys Name="CFBundleInfoDictionaryVersion"/>
                    <VersionInfoKeys Name="CFBundleDevelopmentRegion"/>
                </VersionInfoKeys>
                <Source>
                    <Source Name="MainSource">InfoServ.dpr</Source>
                </Source>
                <Excluded_Packages>
                    <Excluded_Packages Name="$(BDSBIN)\dcloffice2k250.bpl">Microsoft Office 2000 Sample Automation Server Wrapper Components</Excluded_Packages>
                    <Excluded_Packages Name="$(BDSBIN)\dclofficexp250.bpl">Microsoft Office XP Sample Automation Server Wrapper Components</Excluded_Packages>
                </Excluded_Packages>
            </Delphi.Personality>
            <Deployment Version="3"/>
            <Platforms>
                <Platform value="Win32">True</Platform>
                <Platform value="Win64">False</Platform>
            </Platforms>
        </BorlandProject>
        <ProjectFileVersion>12</ProjectFileVersion>
    </ProjectExtensions>
    <Import Project="$(BDS)\Bin\CodeGear.Delphi.Targets" Condition="Exists('$(BDS)\Bin\CodeGear.Delphi.Targets')"/>
    <Import Project="$(APPDATA)\Embarcadero\$(BDSAPPDATABASEDIR)\$(PRODUCTVERSION)\UserTools.proj" Condition="Exists('$(APPDATA)\Embarcadero\$(BDSAPPDATABASEDIR)\$(PRODUCTVERSION)\UserTools.proj')"/>
    <Import Project="$(MSBuildProjectName).deployproj" Condition="Exists('$(MSBuildProjectName).deployproj')"/>
</Project>
